
Microsoft Visual Studio Solution File, Format Version 12.00
# Visual Studio 15
VisualStudioVersion = 15.0.27130.2036
MinimumVisualStudioVersion = 10.0.40219.1
Project("{FAE04EC0-301F-11D3-BF4B-00C04F79EFBC}") = "GlobalSSH", "GlobalSSH\GlobalSSH.csproj", "{A487BF2B-037E-4BE6-974D-A6991F6B39FE}"
EndProject
Project("{FAE04EC0-301F-11D3-BF4B-00C04F79EFBC}") = "testApp", "testApp\testApp.csproj", "{ECDB308D-84A3-4490-A311-AD400006FA5B}"
EndProject
Global
	GlobalSection(SolutionConfigurationPlatforms) = preSolution
		Debug|Any CPU = Debug|Any CPU
		Release|Any CPU = Release|Any CPU
	EndGlobalSection
	GlobalSection(ProjectConfigurationPlatforms) = postSolution
		{A487BF2B-037E-4BE6-974D-A6991F6B39FE}.Debug|Any CPU.ActiveCfg = Debug|Any CPU
		{A487BF2B-037E-4BE6-974D-A6991F6B39FE}.Debug|Any CPU.Build.0 = Debug|Any CPU
		{A487BF2B-037E-4BE6-974D-A6991F6B39FE}.Release|Any CPU.ActiveCfg = Release|Any CPU
		{A487BF2B-037E-4BE6-974D-A6991F6B39FE}.Release|Any CPU.Build.0 = Release|Any CPU
		{ECDB308D-84A3-4490-A311-AD400006FA5B}.Debug|Any CPU.ActiveCfg = Debug|Any CPU
		{ECDB308D-84A3-4490-A311-AD400006FA5B}.Debug|Any CPU.Build.0 = Debug|Any CPU
		{ECDB308D-84A3-4490-A311-AD400006FA5B}.Release|Any CPU.ActiveCfg = Release|Any CPU
		{ECDB308D-84A3-4490-A311-AD400006FA5B}.Release|Any CPU.Build.0 = Release|Any CPU
	EndGlobalSection
	GlobalSection(SolutionProperties) = preSolution
		HideSolutionNode = FALSE
	EndGlobalSection
	GlobalSection(ExtensibilityGlobals) = postSolution
		SolutionGuid = {D95FF170-A723-4A5D-B564-AF9C920CC6CC}
	EndGlobalSection
EndGlobal
